
Microsoft Visual Studio Solution File, Format Version 12.00
# Visual Studio Version 17
VisualStudioVersion = 17.2.32526.322
MinimumVisualStudioVersion = 10.0.40219.1
Project("{FAE04EC0-301F-11D3-BF4B-00C04F79EFBC}") = "PrimeiroProjeto", "PrimeiroProjeto\PrimeiroProjeto.csproj", "{B4003C38-2E90-4995-B7BA-D850F9C55D4C}"
EndProject
Global
	GlobalSection(SolutionConfigurationPlatforms) = preSolution
		Debug|Any CPU = Debug|Any CPU
		Release|Any CPU = Release|Any CPU
	EndGlobalSection
	GlobalSection(ProjectConfigurationPlatforms) = postSolution
		{B4003C38-2E90-4995-B7BA-D850F9C55D4C}.Debug|Any CPU.ActiveCfg = Debug|Any CPU
		{B4003C38-2E90-4995-B7BA-D850F9C55D4C}.Debug|Any CPU.Build.0 = Debug|Any CPU
		{B4003C38-2E90-4995-B7BA-D850F9C55D4C}.Release|Any CPU.ActiveCfg = Release|Any CPU
		{B4003C38-2E90-4995-B7BA-D850F9C55D4C}.Release|Any CPU.Build.0 = Release|Any CPU
	EndGlobalSection
	GlobalSection(SolutionProperties) = preSolution
		HideSolutionNode = FALSE
	EndGlobalSection
	GlobalSection(ExtensibilityGlobals) = postSolution
		SolutionGuid = {DB5425BF-E209-44EA-B68D-2AC53DD3340F}
	EndGlobalSection
EndGlobal
